
Microsoft Visual Studio Solution File, Format Version 12.00
Project("{FAE04EC0-301F-11D3-BF4B-00C04F79EFBC}") = "BestApparel", "Source\BestApparel.csproj", "{B10F02E8-B646-4E75-BE35-4B09DB057488}"
EndProject
Global
	GlobalSection(SolutionConfigurationPlatforms) = preSolution
		Debug|Any CPU = Debug|Any CPU
		Release|Any CPU = Release|Any CPU
	EndGlobalSection
	GlobalSection(ProjectConfigurationPlatforms) = postSolution
		{B10F02E8-B646-4E75-BE35-4B09DB057488}.Debug|Any CPU.ActiveCfg = Debug|Any CPU
		{B10F02E8-B646-4E75-BE35-4B09DB057488}.Debug|Any CPU.Build.0 = Debug|Any CPU
		{B10F02E8-B646-4E75-BE35-4B09DB057488}.Release|Any CPU.ActiveCfg = Release|Any CPU
		{B10F02E8-B646-4E75-BE35-4B09DB057488}.Release|Any CPU.Build.0 = Release|Any CPU
	EndGlobalSection
EndGlobal
